<?xml version="1.0" encoding="UTF-8"?>
<Scheme
   LastUpgradeVersion = "0720"
   version = "1.3">
   <BuildAction
      parallelizeBuildables = "YES"
      buildImplicitDependencies = "YES">
      <BuildActionEntries>
         <BuildActionEntry
            buildForTesting = "YES"
            buildForRunning = "YES"
            buildForProfiling = "YES"
            buildForArchiving = "YES"
            buildForAnalyzing = "YES">
            <BuildableReference
               BuildableIdentifier = "primary"
               BlueprintIdentifier = "169FC52F1D23C6850048B24A"
               BuildableName = "&#x591a;&#x79cd;View&#x4e2d;&#x5305;&#x542b;&#x591a;&#x4e2a;Label&#x6216;textFeild.app"
               BlueprintName = "&#x591a;&#x79cd;View&#x4e2d;&#x5305;&#x542b;&#x591a;&#x4e2a;Label&#x6216;textFeild"
               ReferencedContainer = "container:&#x591a;&#x79cd;View&#x4e2d;&#x5305;&#x542b;&#x591a;&#x4e2a;Label&#x6216;textFeild.xcodeproj">
            </BuildableReference>
         </BuildActionEntry>
      </BuildActionEntries>
   </BuildAction>
   <TestAction
      buildConfiguration = "Debug"
      selectedDebuggerIdentifier = "Xcode.DebuggerFoundation.Debugger.LLDB"
      selectedLauncherIdentifier = "Xcode.DebuggerFoundation.Launcher.LLDB"
      shouldUseLaunchSchemeArgsEnv = "YES">
      <Testables>
         <TestableReference
            skipped = "NO">
            <BuildableReference
               BuildableIdentifier = "primary"
               BlueprintIdentifier = "169FC5481D23C6850048B24A"
               BuildableName = "&#x591a;&#x79cd;View&#x4e2d;&#x5305;&#x542b;&#x591a;&#x4e2a;Label&#x6216;textFeildTests.xctest"
               BlueprintName = "&#x591a;&#x79cd;View&#x4e2d;&#x5305;&#x542b;&#x591a;&#x4e2a;Label&#x6216;textFeildTests"
               ReferencedContainer = "container:&#x591a;&#x79cd;View&#x4e2d;&#x5305;&#x542b;&#x591a;&#x4e2a;Label&#x6216;textFeild.xcodeproj">
            </BuildableReference>
         </TestableReference>
         <TestableReference
            skipped = "NO">
            <BuildableReference
               BuildableIdentifier = "primary"
               BlueprintIdentifier = "169FC5531D23C6850048B24A"
               BuildableName = "&#x591a;&#x79cd;View&#x4e2d;&#x5305;&#x542b;&#x591a;&#x4e2a;Label&#x6216;textFeildUITests.xctest"
               BlueprintName = "&#x591a;&#x79cd;View&#x4e2d;&#x5305;&#x542b;&#x591a;&#x4e2a;Label&#x6216;textFeildUITests"
               ReferencedContainer = "container:&#x591a;&#x79cd;View&#x4e2d;&#x5305;&#x542b;&#x591a;&#x4e2a;Label&#x6216;textFeild.xcodeproj">
            </BuildableReference>
         </TestableReference>
      </Testables>
      <MacroExpansion>
         <BuildableReference
            BuildableIdentifier = "primary"
            BlueprintIdentifier = "169FC52F1D23C6850048B24A"
            BuildableName = "&#x591a;&#x79cd;View&#x4e2d;&#x5305;&#x542b;&#x591a;&#x4e2a;Label&#x6216;textFeild.app"
            BlueprintName = "&#x591a;&#x79cd;View&#x4e2d;&#x5305;&#x542b;&#x591a;&#x4e2a;Label&#x6216;textFeild"
            ReferencedContainer = "container:&#x591a;&#x79cd;View&#x4e2d;&#x5305;&#x542b;&#x591a;&#x4e2a;Label&#x6216;textFeild.xcodeproj">
         </BuildableReference>
      </MacroExpansion>
      <AdditionalOptions>
      </AdditionalOptions>
   </TestAction>
   <LaunchAction
      buildConfiguration = "Debug"
      selectedDebuggerIdentifier = "Xcode.DebuggerFoundation.Debugger.LLDB"
      selectedLauncherIdentifier = "Xcode.DebuggerFoundation.Launcher.LLDB"
      launchStyle = "0"
      useCustomWorkingDirectory = "NO"
      ignoresPersistentStateOnLaunch = "NO"
      debugDocumentVersioning = "YES"
      debugServiceExtension = "internal"
      allowLocationSimulation = "YES">
      <BuildableProductRunnable
         runnableDebuggingMode = "0">
         <BuildableReference
            BuildableIdentifier = "primary"
            BlueprintIdentifier = "169FC52F1D23C6850048B24A"
            BuildableName = "&#x591a;&#x79cd;View&#x4e2d;&#x5305;&#x542b;&#x591a;&#x4e2a;Label&#x6216;textFeild.app"
            BlueprintName = "&#x591a;&#x79cd;View&#x4e2d;&#x5305;&#x542b;&#x591a;&#x4e2a;Label&#x6216;textFeild"
            ReferencedContainer = "container:&#x591a;&#x79cd;View&#x4e2d;&#x5305;&#x542b;&#x591a;&#x4e2a;Label&#x6216;textFeild.xcodeproj">
         </BuildableReference>
      </BuildableProductRunnable>
      <AdditionalOptions>
      </AdditionalOptions>
   </LaunchAction>
   <ProfileAction
      buildConfiguration = "Release"
      shouldUseLaunchSchemeArgsEnv = "YES"
      savedToolIdentifier = ""
      useCustomWorkingDirectory = "NO"
      debugDocumentVersioning = "YES">
      <BuildableProductRunnable
         runnableDebuggingMode = "0">
         <BuildableReference
            BuildableIdentifier = "primary"
            BlueprintIdentifier = "169FC52F1D23C6850048B24A"
            BuildableName = "&#x591a;&#x79cd;View&#x4e2d;&#x5305;&#x542b;&#x591a;&#x4e2a;Label&#x6216;textFeild.app"
            BlueprintName = "&#x591a;&#x79cd;View&#x4e2d;&#x5305;&#x542b;&#x591a;&#x4e2a;Label&#x6216;textFeild"
            ReferencedContainer = "container:&#x591a;&#x79cd;View&#x4e2d;&#x5305;&#x542b;&#x591a;&#x4e2a;Label&#x6216;textFeild.xcodeproj">
         </BuildableReference>
      </BuildableProductRunnable>
   </ProfileAction>
   <AnalyzeAction
      buildConfiguration = "Debug">
   </AnalyzeAction>
   <ArchiveAction
      buildConfiguration = "Release"
      revealArchiveInOrganizer = "YES">
   </ArchiveAction>
</Scheme>
